PODS:
  - AcknowList (1.9.3)
  - Alamofire (5.0.0)
  - Bagel (1.3.2):
    - CocoaAsyncSocket
  - CocoaAsyncSocket (7.6.4)
  - Differentiator (4.0.1)
  - EMTNeumorphicView (1.0.4)
  - Firebase/Analytics (6.18.0):
    - Firebase/Core
  - Firebase/Core (6.18.0):
    - Firebase/CoreOnly
    - FirebaseAnalytics (= 6.3.0)
  - Firebase/CoreOnly (6.18.0):
    - FirebaseCore (= 6.6.3)
  - Firebase/Crashlytics (6.18.0):
    - Firebase/CoreOnly
    - FirebaseCrashlytics (~> 4.0.0-beta.4)
  - Firebase/Performance (6.18.0):
    - Firebase/CoreOnly
    - FirebasePerformance (~> 3.1.10)
  - FirebaseABTesting (3.1.2):
    - FirebaseAnalyticsInterop (~> 1.3)
    - FirebaseCore (~> 6.1)
    - Protobuf (>= 3.9.2, ~> 3.9)
  - FirebaseAnalytics (6.3.0):
    - FirebaseCore (~> 6.6)
    - FirebaseInstallations (~> 1.1)
    - GoogleAppMeasurement (= 6.3.0)
    - GoogleUtilities/AppDelegateSwizzler (~> 6.0)
    - GoogleUtilities/MethodSwizzler (~> 6.0)
    - GoogleUtilities/Network (~> 6.0)
    - "GoogleUtilities/NSData+zlib (~> 6.0)"
    - nanopb (= 0.3.9011)
  - FirebaseAnalyticsInterop (1.5.0)
  - FirebaseCore (6.6.3):
    - FirebaseCoreDiagnostics (~> 1.2)
    - FirebaseCoreDiagnosticsInterop (~> 1.2)
    - GoogleUtilities/Environment (~> 6.5)
    - GoogleUtilities/Logger (~> 6.5)
  - FirebaseCoreDiagnostics (1.2.1):
    - FirebaseCoreDiagnosticsInterop (~> 1.2)
    - GoogleDataTransportCCTSupport (~> 1.3)
    - GoogleUtilities/Environment (~> 6.5)
    - GoogleUtilities/Logger (~> 6.5)
    - nanopb (~> 0.3.901)
  - FirebaseCoreDiagnosticsInterop (1.2.0)
  - FirebaseCrashlytics (4.0.0-beta.4):
    - FirebaseAnalyticsInterop (~> 1.2)
    - FirebaseCore (~> 6.6)
    - FirebaseInstanceID (~> 4.3)
    - PromisesObjC (~> 1.2)
  - FirebaseInstallations (1.1.0):
    - FirebaseCore (~> 6.6)
    - GoogleUtilities/UserDefaults (~> 6.5)
    - PromisesObjC (~> 1.2)
  - FirebaseInstanceID (4.3.2):
    - FirebaseCore (~> 6.6)
    - FirebaseInstallations (~> 1.0)
    - GoogleUtilities/Environment (~> 6.5)
    - GoogleUtilities/UserDefaults (~> 6.5)
  - FirebasePerformance (3.1.10):
    - FirebaseCore (~> 6.6)
    - FirebaseInstanceID (~> 4.3)
    - FirebaseRemoteConfig (~> 4.4)
    - GoogleToolboxForMac/Logger (~> 2.1)
    - "GoogleToolboxForMac/NSData+zlib (~> 2.1)"
    - GoogleUtilities/Environment (~> 6.2)
    - GoogleUtilities/ISASwizzler (~> 6.2)
    - GoogleUtilities/MethodSwizzler (~> 6.2)
    - GTMSessionFetcher/Core (~> 1.1)
    - Protobuf (~> 3.9)
  - FirebaseRemoteConfig (4.4.8):
    - FirebaseABTesting (~> 3.1)
    - FirebaseAnalyticsInterop (~> 1.4)
    - FirebaseCore (~> 6.2)
    - FirebaseInstanceID (~> 4.2)
    - GoogleUtilities/Environment (~> 6.2)
    - "GoogleUtilities/NSData+zlib (~> 6.2)"
    - Protobuf (>= 3.9.2, ~> 3.9)
  - GoogleAppMeasurement (6.3.0):
    - GoogleUtilities/AppDelegateSwizzler (~> 6.0)
    - GoogleUtilities/MethodSwizzler (~> 6.0)
    - GoogleUtilities/Network (~> 6.0)
    - "GoogleUtilities/NSData+zlib (~> 6.0)"
    - nanopb (= 0.3.9011)
  - GoogleDataTransport (4.0.1)
  - GoogleDataTransportCCTSupport (1.4.1):
    - GoogleDataTransport (~> 4.0)
    - nanopb (~> 0.3.901)
  - GoogleToolboxForMac/Defines (2.2.2)
  - GoogleToolboxForMac/Logger (2.2.2):
    - GoogleToolboxForMac/Defines (= 2.2.2)
  - "GoogleToolboxForMac/NSData+zlib (2.2.2)":
    - GoogleToolboxForMac/Defines (= 2.2.2)
  - GoogleUtilities/AppDelegateSwizzler (6.5.1):
    - GoogleUtilities/Environment
    - GoogleUtilities/Logger
    - GoogleUtilities/Network
  - GoogleUtilities/Environment (6.5.1)
  - GoogleUtilities/ISASwizzler (6.5.1)
  - GoogleUtilities/Logger (6.5.1):
    - GoogleUtilities/Environment
  - GoogleUtilities/MethodSwizzler (6.5.1):
    - GoogleUtilities/Logger
  - GoogleUtilities/Network (6.5.1):
    - GoogleUtilities/Logger
    - "GoogleUtilities/NSData+zlib"
    - GoogleUtilities/Reachability
  - "GoogleUtilities/NSData+zlib (6.5.1)"
  - GoogleUtilities/Reachability (6.5.1):
    - GoogleUtilities/Logger
  - GoogleUtilities/UserDefaults (6.5.1):
    - GoogleUtilities/Logger
  - GTMSessionFetcher/Core (1.3.1)
  - Immutable (0.6.0)
  - KeychainAccess (4.1.0)
  - Kingfisher (5.13.1):
    - Kingfisher/Core (= 5.13.1)
  - Kingfisher/Core (5.13.1)
  - Moya (14.0.0):
    - Moya/Core (= 14.0.0)
  - Moya/Core (14.0.0):
    - Alamofire (~> 5.0)
  - Moya/RxSwift (14.0.0):
    - Moya/Core
    - RxSwift (~> 5.0)
  - nanopb (0.3.9011):
    - nanopb/decode (= 0.3.9011)
    - nanopb/encode (= 0.3.9011)
  - nanopb/decode (0.3.9011)
  - nanopb/encode (0.3.9011)
  - Nimble (8.0.5)
  - PromisesObjC (1.2.8)
  - Protobuf (3.11.4)
  - Pure (1.1.2):
    - Pure/Core (= 1.1.2)
  - Pure/Core (1.1.2)
  - Quick (2.2.0)
  - ReactorKit (2.0.1):
    - RxSwift (~> 5.0)
  - ReusableKit (3.0.0):
    - ReusableKit/Core (= 3.0.0)
  - ReusableKit/Core (3.0.0)
  - RxBlocking (5.0.1):
    - RxSwift (~> 5)
  - RxCocoa (5.0.1):
    - RxRelay (~> 5)
    - RxSwift (~> 5)
  - RxDataSources (4.0.1):
    - Differentiator (~> 4.0)
    - RxCocoa (~> 5.0)
    - RxSwift (~> 5.0)
  - RxKeyboard (1.0.0):
    - RxCocoa (~> 5.0)
    - RxSwift (~> 5.0)
  - RxOptional (4.1.0):
    - RxCocoa (~> 5)
    - RxSwift (~> 5)
  - RxRelay (5.0.1):
    - RxSwift (~> 5)
  - RxSwift (5.1.0)
  - RxTest (5.0.1):
    - RxSwift (~> 5)
  - RxViewController (1.0.0):
    - RxCocoa (~> 5.0)
    - RxSwift (~> 5.0)
  - SnapKit (5.0.1)
  - Stubber (1.5.0)
  - SwiftLint (0.39.1)
  - SwiftyBeaver (1.8.4)
  - Then (2.6.0)
  - URLNavigator (2.3.0)

DEPENDENCIES:
  - AcknowList
  - Alamofire
  - Bagel (~> 1.3.2)
  - EMTNeumorphicView
  - Firebase/Analytics
  - Firebase/Crashlytics
  - Firebase/Performance
  - Immutable
  - KeychainAccess
  - Kingfisher
  - Moya
  - Moya/RxSwift (~> 14.0)
  - Nimble
  - Pure
  - Quick
  - ReactorKit
  - ReusableKit
  - RxBlocking
  - RxCocoa
  - RxDataSources
  - RxKeyboard
  - RxOptional
  - RxSwift
  - RxTest
  - RxViewController
  - SnapKit
  - Stubber
  - SwiftLint
  - SwiftyBeaver
  - Then
  - URLNavigator

SPEC REPOS:
  trunk:
    - AcknowList
    - Alamofire
    - Bagel
    - CocoaAsyncSocket
    - Differentiator
    - EMTNeumorphicView
    - Firebase
    - FirebaseABTesting
    - FirebaseAnalytics
    - FirebaseAnalyticsInterop
    - FirebaseCore
    - FirebaseCoreDiagnostics
    - FirebaseCoreDiagnosticsInterop
    - FirebaseCrashlytics
    - FirebaseInstallations
    - FirebaseInstanceID
    - FirebasePerformance
    - FirebaseRemoteConfig
    - GoogleAppMeasurement
    - GoogleDataTransport
    - GoogleDataTransportCCTSupport
    - GoogleToolboxForMac
    - GoogleUtilities
    - GTMSessionFetcher
    - Immutable
    - KeychainAccess
    - Kingfisher
    - Moya
    - nanopb
    - Nimble
    - PromisesObjC
    - Protobuf
    - Pure
    - Quick
    - ReactorKit
    - ReusableKit
    - RxBlocking
    - RxCocoa
    - RxDataSources
    - RxKeyboard
    - RxOptional
    - RxRelay
    - RxSwift
    - RxTest
    - RxViewController
    - SnapKit
    - Stubber
    - SwiftLint
    - SwiftyBeaver
    - Then
    - URLNavigator

SPEC CHECKSUMS:
  AcknowList: a3ee7cfba2c45cf9d07d1b18fe729a5bcc518366
  Alamofire: 58ff2bfb8daaacaa233d5c36e37b10a5248f59b1
  Bagel: 199e0105ac694d6eee9db54dd006c940da6ce81b
  CocoaAsyncSocket: 694058e7c0ed05a9e217d1b3c7ded962f4180845
  Differentiator: 886080237d9f87f322641dedbc5be257061b0602
  EMTNeumorphicView: cb5e92953e43b1872ab47fefd451a9ce0c16fc77
  Firebase: 0490eca762a72e4f1582319539153897f1508dee
  FirebaseABTesting: 0d10f3cdc3fa00f3f175b5b56c1003c8e888299f
  FirebaseAnalytics: 058d71e714a1a6804d9e0f25e3bb18e377a51579
  FirebaseAnalyticsInterop: 3f86269c38ae41f47afeb43ebf32a001f58fcdae
  FirebaseCore: 78276943ad85e616dfa54dafa6c89512987d9d60
  FirebaseCoreDiagnostics: 2109d10c35e8289b1ee6cabf44d9ffb055620194
  FirebaseCoreDiagnosticsInterop: 296e2c5f5314500a850ad0b83e9e7c10b011a850
  FirebaseCrashlytics: 1dff71c846a3a138f524f79d4740ffed5fdd0c04
  FirebaseInstallations: 575cd32f2aec0feeb0e44f5d0110a09e5e60b47b
  FirebaseInstanceID: 7ee0d6777013bb952f377b41965bf132b6a075be
  FirebasePerformance: a9b0985f80d2a5cf780cf9bd4db920b45c200507
  FirebaseRemoteConfig: 83d34cb1fa6fed2277370029b59b1883ae4861a4
  GoogleAppMeasurement: 39ecba10918b21c83877d392246157f65db351cf
  GoogleDataTransport: 653963cf5be60fb59cf051e070f0836fdc305f81
  GoogleDataTransportCCTSupport: 84e4d4bbab642f2e9d83ee65d78aca2b5527d314
  GoogleToolboxForMac: 800648f8b3127618c1b59c7f97684427630c5ea3
  GoogleUtilities: 06eb53bb579efe7099152735900dd04bf09e7275
  GTMSessionFetcher: cea130bbfe5a7edc8d06d3f0d17288c32ffe9925
  Immutable: 793dcfd5979883638401c468dfeb08651436f44f
  KeychainAccess: 445e28864fe6d3458b41fa211bcdc39890e8bd5a
  Kingfisher: f33a848445e33c543620812158dc5d47f6bf90df
  Moya: 5b45dacb75adb009f97fde91c204c1e565d31916
  nanopb: 18003b5e52dab79db540fe93fe9579f399bd1ccd
  Nimble: 4ab1aeb9b45553c75b9687196b0fa0713170a332
  PromisesObjC: c119f3cd559f50b7ae681fa59dc1acd19173b7e6
  Protobuf: 176220c526ad8bd09ab1fb40a978eac3fef665f7
  Pure: da92a66df10fc902db96290083c121f84ee73d6f
  Quick: 7fb19e13be07b5dfb3b90d4f9824c855a11af40e
  ReactorKit: a63c5e11e0fd32d59d672e54178b0ed2876b764b
  ReusableKit: e5f853ad4652e411f96b6119b2488afa12929be6
  RxBlocking: c5e090f42d046df8b0e7752742510f349963710f
  RxCocoa: e741b9749968e8a143e2b787f1dfbff2b63d0a5c
  RxDataSources: efee07fa4de48477eca0a4611e6d11e2da9c1114
  RxKeyboard: 6683c4344304a00f943c158bd8a43ce5469c82a7
  RxOptional: b1fcd60856807a564c0215c2184b8d33e7826dc2
  RxRelay: 89d54507f4fd4d969e6ec1d4bd7f3673640b4640
  RxSwift: ad5874f24bb0dbffd1e9bb8443604e3578796c7a
  RxTest: 0132f952a61da82d5233abedaa559df91e5330e5
  RxViewController: 7330a46e5c31cd680db169da4c9fc8676e975a81
  SnapKit: 97b92857e3df3a0c71833cce143274bf6ef8e5eb
  Stubber: 6cf1160d37f0d1da7afbe1892f65bb7d5984bba4
  SwiftLint: 55e96a4a4d537d4a3156859fc1c54bd24851a046
  SwiftyBeaver: f9a9aba96a6a6166e21682377804d728b0d20b95
  Then: 90cd104fd951cec1980a03f57704ad8f784d4d79
  URLNavigator: 2593c0e2d293732ec5c44503cf54dceba1a68085

PODFILE CHECKSUM: 945fea3e67154941128988fc93c50bea32865c3c

COCOAPODS: 1.8.4
