// !$*UTF8*$!
{
	archiveVersion = 1;
	classes = {
	};
	objectVersion = 51;
	objects = {

/* Begin PBXBuildFile section */
		3C38D44A94A0FD7A916EA744 /* Pods_TodayMood.framework in Frameworks */ = {isa = PBXBuildFile; fileRef = 15AE591FD0266C32CF9DC1EC /* Pods_TodayMood.framework */; };
		B28D323A240560A900423DAB /* AppDelegate.swift in Sources */ = {isa = PBXBuildFile; fileRef = B28D3239240560A900423DAB /* AppDelegate.swift */; };
		B28D323E240560A900423DAB /* ViewController.swift in Sources */ = {isa = PBXBuildFile; fileRef = B28D323D240560A900423DAB /* ViewController.swift */; };
		B28D3243240560AA00423DAB /* Assets.xcassets in Resources */ = {isa = PBXBuildFile; fileRef = B28D3242240560AA00423DAB /* Assets.xcassets */; };
		B28D3246240560AA00423DAB /* LaunchScreen.storyboard in Resources */ = {isa = PBXBuildFile; fileRef = B28D3244240560AA00423DAB /* LaunchScreen.storyboard */; };
		B28D324F240567F600423DAB /* .swiftlint.yml in Resources */ = {isa = PBXBuildFile; fileRef = B28D324E240567F600423DAB /* .swiftlint.yml */; };
		B28D325E24056E4000423DAB /* BaseViewController.swift in Sources */ = {isa = PBXBuildFile; fileRef = B28D325D24056E4000423DAB /* BaseViewController.swift */; };
		B28D326224056EF700423DAB /* BaseNavigationController.swift in Sources */ = {isa = PBXBuildFile; fileRef = B28D326124056EF700423DAB /* BaseNavigationController.swift */; };
/* End PBXBuildFile section */

/* Begin PBXFileReference section */
		0388C569EBB649E15B2E8040 /* Pods-TodayMood.debug.xcconfig */ = {isa = PBXFileReference; includeInIndex = 1; lastKnownFileType = text.xcconfig; name = "Pods-TodayMood.debug.xcconfig"; path = "Target Support Files/Pods-TodayMood/Pods-TodayMood.debug.xcconfig"; sourceTree = "<group>"; };
		15AE591FD0266C32CF9DC1EC /* Pods_TodayMood.framework */ = {isa = PBXFileReference; explicitFileType = wrapper.framework; includeInIndex = 0; path = Pods_TodayMood.framework; sourceTree = BUILT_PRODUCTS_DIR; };
		ABCFBBA2C5ED7F5D72865AEE /* Pods-TodayMood.release.xcconfig */ = {isa = PBXFileReference; includeInIndex = 1; lastKnownFileType = text.xcconfig; name = "Pods-TodayMood.release.xcconfig"; path = "Target Support Files/Pods-TodayMood/Pods-TodayMood.release.xcconfig"; sourceTree = "<group>"; };
		B28D3236240560A900423DAB /* TodayMood.app */ = {isa = PBXFileReference; explicitFileType = wrapper.application; includeInIndex = 0; path = TodayMood.app; sourceTree = BUILT_PRODUCTS_DIR; };
		B28D3239240560A900423DAB /* AppDelegate.swift */ = {isa = PBXFileReference; lastKnownFileType = sourcecode.swift; path = AppDelegate.swift; sourceTree = "<group>"; };
		B28D323D240560A900423DAB /* ViewController.swift */ = {isa = PBXFileReference; lastKnownFileType = sourcecode.swift; path = ViewController.swift; sourceTree = "<group>"; };
		B28D3242240560AA00423DAB /* Assets.xcassets */ = {isa = PBXFileReference; lastKnownFileType = folder.assetcatalog; path = Assets.xcassets; sourceTree = "<group>"; };
		B28D3245240560AA00423DAB /* Base */ = {isa = PBXFileReference; lastKnownFileType = file.storyboard; name = Base; path = Base.lproj/LaunchScreen.storyboard; sourceTree = "<group>"; };
		B28D3247240560AA00423DAB /* Info.plist */ = {isa = PBXFileReference; lastKnownFileType = text.plist.xml; path = Info.plist; sourceTree = "<group>"; };
		B28D324E240567F600423DAB /* .swiftlint.yml */ = {isa = PBXFileReference; lastKnownFileType = text.yaml; path = .swiftlint.yml; sourceTree = "<group>"; };
		B28D325D24056E4000423DAB /* BaseViewController.swift */ = {isa = PBXFileReference; lastKnownFileType = sourcecode.swift; path = BaseViewController.swift; sourceTree = "<group>"; };
		B28D326124056EF700423DAB /* BaseNavigationController.swift */ = {isa = PBXFileReference; lastKnownFileType = sourcecode.swift; path = BaseNavigationController.swift; sourceTree = "<group>"; };
/* End PBXFileReference section */

/* Begin PBXFrameworksBuildPhase section */
		B28D3233240560A900423DAB /* Frameworks */ = {
			isa = PBXFrameworksBuildPhase;
			buildActionMask = 2147483647;
			files = (
				3C38D44A94A0FD7A916EA744 /* Pods_TodayMood.framework in Frameworks */,
			);
			runOnlyForDeploymentPostprocessing = 0;
		};
/* End PBXFrameworksBuildPhase section */

/* Begin PBXGroup section */
		06819F592663CB405E065075 /* Pods */ = {
			isa = PBXGroup;
			children = (
				0388C569EBB649E15B2E8040 /* Pods-TodayMood.debug.xcconfig */,
				ABCFBBA2C5ED7F5D72865AEE /* Pods-TodayMood.release.xcconfig */,
			);
			path = Pods;
			sourceTree = "<group>";
		};
		ABA6DCC7DEAEBB1C6870C46B /* Frameworks */ = {
			isa = PBXGroup;
			children = (
				15AE591FD0266C32CF9DC1EC /* Pods_TodayMood.framework */,
			);
			name = Frameworks;
			sourceTree = "<group>";
		};
		B28D322D240560A900423DAB = {
			isa = PBXGroup;
			children = (
				B28D324E240567F600423DAB /* .swiftlint.yml */,
				B28D3238240560A900423DAB /* TodayMood */,
				B28D3237240560A900423DAB /* Products */,
				06819F592663CB405E065075 /* Pods */,
				ABA6DCC7DEAEBB1C6870C46B /* Frameworks */,
			);
			sourceTree = "<group>";
		};
		B28D3237240560A900423DAB /* Products */ = {
			isa = PBXGroup;
			children = (
				B28D3236240560A900423DAB /* TodayMood.app */,
			);
			name = Products;
			sourceTree = "<group>";
		};
		B28D3238240560A900423DAB /* TodayMood */ = {
			isa = PBXGroup;
			children = (
				B28D3252240569D800423DAB /* Sources */,
				B28D3251240569D500423DAB /* Resources */,
				B28D3250240569CF00423DAB /* Supporting Files */,
			);
			path = TodayMood;
			sourceTree = "<group>";
		};
		B28D3250240569CF00423DAB /* Supporting Files */ = {
			isa = PBXGroup;
			children = (
				B28D3247240560AA00423DAB /* Info.plist */,
			);
			path = "Supporting Files";
			sourceTree = "<group>";
		};
		B28D3251240569D500423DAB /* Resources */ = {
			isa = PBXGroup;
			children = (
				B28D3242240560AA00423DAB /* Assets.xcassets */,
				B28D3244240560AA00423DAB /* LaunchScreen.storyboard */,
			);
			path = Resources;
			sourceTree = "<group>";
		};
		B28D3252240569D800423DAB /* Sources */ = {
			isa = PBXGroup;
			children = (
				B28D3239240560A900423DAB /* AppDelegate.swift */,
				B28D325F24056EAB00423DAB /* Base */,
				B28D326024056EE000423DAB /* Common */,
				B28D325624056B6A00423DAB /* Networking */,
				B28D325924056B7F00423DAB /* Services */,
				B28D325524056B6100423DAB /* Models */,
				B28D325824056B7800423DAB /* Sections */,
				B28D325324056A7E00423DAB /* ViewControllers */,
				B28D325424056A8500423DAB /* Views */,
				B28D325B24056B8F00423DAB /* Utils */,
				B28D325C24056BF400423DAB /* Extensions */,
				B28D325A24056B8600423DAB /* Types */,
			);
			path = Sources;
			sourceTree = "<group>";
		};
		B28D325324056A7E00423DAB /* ViewControllers */ = {
			isa = PBXGroup;
			children = (
				B28D323D240560A900423DAB /* ViewController.swift */,
			);
			path = ViewControllers;
			sourceTree = "<group>";
		};
		B28D325424056A8500423DAB /* Views */ = {
			isa = PBXGroup;
			children = (
			);
			path = Views;
			sourceTree = "<group>";
		};
		B28D325524056B6100423DAB /* Models */ = {
			isa = PBXGroup;
			children = (
			);
			path = Models;
			sourceTree = "<group>";
		};
		B28D325624056B6A00423DAB /* Networking */ = {
			isa = PBXGroup;
			children = (
			);
			path = Networking;
			sourceTree = "<group>";
		};
		B28D325724056B7200423DAB /* Rx */ = {
			isa = PBXGroup;
			children = (
			);
			path = Rx;
			sourceTree = "<group>";
		};
		B28D325824056B7800423DAB /* Sections */ = {
			isa = PBXGroup;
			children = (
			);
			path = Sections;
			sourceTree = "<group>";
		};
		B28D325924056B7F00423DAB /* Services */ = {
			isa = PBXGroup;
			children = (
			);
			path = Services;
			sourceTree = "<group>";
		};
		B28D325A24056B8600423DAB /* Types */ = {
			isa = PBXGroup;
			children = (
			);
			path = Types;
			sourceTree = "<group>";
		};
		B28D325B24056B8F00423DAB /* Utils */ = {
			isa = PBXGroup;
			children = (
			);
			path = Utils;
			sourceTree = "<group>";
		};
		B28D325C24056BF400423DAB /* Extensions */ = {
			isa = PBXGroup;
			children = (
				B28D325724056B7200423DAB /* Rx */,
			);
			path = Extensions;
			sourceTree = "<group>";
		};
		B28D325F24056EAB00423DAB /* Base */ = {
			isa = PBXGroup;
			children = (
				B28D325D24056E4000423DAB /* BaseViewController.swift */,
				B28D326124056EF700423DAB /* BaseNavigationController.swift */,
			);
			path = Base;
			sourceTree = "<group>";
		};
		B28D326024056EE000423DAB /* Common */ = {
			isa = PBXGroup;
			children = (
			);
			path = Common;
			sourceTree = "<group>";
		};
/* End PBXGroup section */

/* Begin PBXNativeTarget section */
		B28D3235240560A900423DAB /* TodayMood */ = {
			isa = PBXNativeTarget;
			buildConfigurationList = B28D324A240560AA00423DAB /* Build configuration list for PBXNativeTarget "TodayMood" */;
			buildPhases = (
				FBFBB65B94DE52DDA66A6E45 /* [CP] Check Pods Manifest.lock */,
				B28D3232240560A900423DAB /* Sources */,
				B28D3233240560A900423DAB /* Frameworks */,
				B28D3234240560A900423DAB /* Resources */,
				55A785BDB452C9A140D38690 /* [CP] Embed Pods Frameworks */,
				B28D324D240567D000423DAB /* SwiftLint */,
			);
			buildRules = (
			);
			dependencies = (
			);
			name = TodayMood;
			productName = TodayMood;
			productReference = B28D3236240560A900423DAB /* TodayMood.app */;
			productType = "com.apple.product-type.application";
		};
/* End PBXNativeTarget section */

/* Begin PBXProject section */
		B28D322E240560A900423DAB /* Project object */ = {
			isa = PBXProject;
			attributes = {
				LastSwiftUpdateCheck = 1130;
				LastUpgradeCheck = 1130;
				ORGANIZATIONNAME = 5boon;
				TargetAttributes = {
					B28D3235240560A900423DAB = {
						CreatedOnToolsVersion = 11.3.1;
					};
				};
			};
			buildConfigurationList = B28D3231240560A900423DAB /* Build configuration list for PBXProject "TodayMood" */;
			compatibilityVersion = "Xcode 9.3";
			developmentRegion = en;
			hasScannedForEncodings = 0;
			knownRegions = (
				en,
				Base,
			);
			mainGroup = B28D322D240560A900423DAB;
			productRefGroup = B28D3237240560A900423DAB /* Products */;
			projectDirPath = "";
			projectRoot = "";
			targets = (
				B28D3235240560A900423DAB /* TodayMood */,
			);
		};
/* End PBXProject section */

/* Begin PBXResourcesBuildPhase section */
		B28D3234240560A900423DAB /* Resources */ = {
			isa = PBXResourcesBuildPhase;
			buildActionMask = 2147483647;
			files = (
				B28D324F240567F600423DAB /* .swiftlint.yml in Resources */,
				B28D3246240560AA00423DAB /* LaunchScreen.storyboard in Resources */,
				B28D3243240560AA00423DAB /* Assets.xcassets in Resources */,
			);
			runOnlyForDeploymentPostprocessing = 0;
		};
/* End PBXResourcesBuildPhase section */

/* Begin PBXShellScriptBuildPhase section */
		55A785BDB452C9A140D38690 /* [CP] Embed Pods Frameworks */ = {
			isa = PBXShellScriptBuildPhase;
			buildActionMask = 2147483647;
			files = (
			);
			inputFileListPaths = (
				"${PODS_ROOT}/Target Support Files/Pods-TodayMood/Pods-TodayMood-frameworks-${CONFIGURATION}-input-files.xcfilelist",
			);
			name = "[CP] Embed Pods Frameworks";
			outputFileListPaths = (
				"${PODS_ROOT}/Target Support Files/Pods-TodayMood/Pods-TodayMood-frameworks-${CONFIGURATION}-output-files.xcfilelist",
			);
			runOnlyForDeploymentPostprocessing = 0;
			shellPath = /bin/sh;
			shellScript = "\"${PODS_ROOT}/Target Support Files/Pods-TodayMood/Pods-TodayMood-frameworks.sh\"\n";
			showEnvVarsInLog = 0;
		};
		B28D324D240567D000423DAB /* SwiftLint */ = {
			isa = PBXShellScriptBuildPhase;
			buildActionMask = 2147483647;
			files = (
			);
			inputFileListPaths = (
			);
			inputPaths = (
			);
			name = SwiftLint;
			outputFileListPaths = (
			);
			outputPaths = (
			);
			runOnlyForDeploymentPostprocessing = 0;
			shellPath = /bin/sh;
			shellScript = "${PODS_ROOT}/SwiftLint/swiftlint\n";
		};
		FBFBB65B94DE52DDA66A6E45 /* [CP] Check Pods Manifest.lock */ = {
			isa = PBXShellScriptBuildPhase;
			buildActionMask = 2147483647;
			files = (
			);
			inputFileListPaths = (
			);
			inputPaths = (
				"${PODS_PODFILE_DIR_PATH}/Podfile.lock",
				"${PODS_ROOT}/Manifest.lock",
			);
			name = "[CP] Check Pods Manifest.lock";
			outputFileListPaths = (
			);
			outputPaths = (
				"$(DERIVED_FILE_DIR)/Pods-TodayMood-checkManifestLockResult.txt",
			);
			runOnlyForDeploymentPostprocessing = 0;
			shellPath = /bin/sh;
			shellScript = "diff \"${PODS_PODFILE_DIR_PATH}/Podfile.lock\" \"${PODS_ROOT}/Manifest.lock\" > /dev/null\nif [ $? != 0 ] ; then\n    # print error to STDERR\n    echo \"error: The sandbox is not in sync with the Podfile.lock. Run 'pod install' or update your CocoaPods installation.\" >&2\n    exit 1\nfi\n# This output is used by Xcode 'outputs' to avoid re-running this script phase.\necho \"SUCCESS\" > \"${SCRIPT_OUTPUT_FILE_0}\"\n";
			showEnvVarsInLog = 0;
		};
/* End PBXShellScriptBuildPhase section */

/* Begin PBXSourcesBuildPhase section */
		B28D3232240560A900423DAB /* Sources */ = {
			isa = PBXSourcesBuildPhase;
			buildActionMask = 2147483647;
			files = (
				B28D326224056EF700423DAB /* BaseNavigationController.swift in Sources */,
				B28D323E240560A900423DAB /* ViewController.swift in Sources */,
				B28D323A240560A900423DAB /* AppDelegate.swift in Sources */,
				B28D325E24056E4000423DAB /* BaseViewController.swift in Sources */,
			);
			runOnlyForDeploymentPostprocessing = 0;
		};
/* End PBXSourcesBuildPhase section */

/* Begin PBXVariantGroup section */
		B28D3244240560AA00423DAB /* LaunchScreen.storyboard */ = {
			isa = PBXVariantGroup;
			children = (
				B28D3245240560AA00423DAB /* Base */,
			);
			name = LaunchScreen.storyboard;
			sourceTree = "<group>";
		};
/* End PBXVariantGroup section */

/* Begin XCBuildConfiguration section */
		B28D3248240560AA00423DAB /* Debug */ = {
			isa = XCBuildConfiguration;
			buildSettings = {
				ALWAYS_SEARCH_USER_PATHS = NO;
				CLANG_ANALYZER_NONNULL = YES;
				CLANG_ANALYZER_NUMBER_OBJECT_CONVERSION = YES_AGGRESSIVE;
				CLANG_CXX_LANGUAGE_STANDARD = "gnu++14";
				CLANG_CXX_LIBRARY = "libc++";
				CLANG_ENABLE_MODULES = YES;
				CLANG_ENABLE_OBJC_ARC = YES;
				CLANG_ENABLE_OBJC_WEAK = YES;
				CLANG_WARN_BLOCK_CAPTURE_AUTORELEASING = YES;
				CLANG_WARN_BOOL_CONVERSION = YES;
				CLANG_WARN_COMMA = YES;
				CLANG_WARN_CONSTANT_CONVERSION = YES;
				CLANG_WARN_DEPRECATED_OBJC_IMPLEMENTATIONS = YES;
				CLANG_WARN_DIRECT_OBJC_ISA_USAGE = YES_ERROR;
				CLANG_WARN_DOCUMENTATION_COMMENTS = YES;
				CLANG_WARN_EMPTY_BODY = YES;
				CLANG_WARN_ENUM_CONVERSION = YES;
				CLANG_WARN_INFINITE_RECURSION = YES;
				CLANG_WARN_INT_CONVERSION = YES;
				CLANG_WARN_NON_LITERAL_NULL_CONVERSION = YES;
				CLANG_WARN_OBJC_IMPLICIT_RETAIN_SELF = YES;
				CLANG_WARN_OBJC_LITERAL_CONVERSION = YES;
				CLANG_WARN_OBJC_ROOT_CLASS = YES_ERROR;
				CLANG_WARN_RANGE_LOOP_ANALYSIS = YES;
				CLANG_WARN_STRICT_PROTOTYPES = YES;
				CLANG_WARN_SUSPICIOUS_MOVE = YES;
				CLANG_WARN_UNGUARDED_AVAILABILITY = YES_AGGRESSIVE;
				CLANG_WARN_UNREACHABLE_CODE = YES;
				CLANG_WARN__DUPLICATE_METHOD_MATCH = YES;
				COPY_PHASE_STRIP = NO;
				DEBUG_INFORMATION_FORMAT = dwarf;
				ENABLE_STRICT_OBJC_MSGSEND = YES;
				ENABLE_TESTABILITY = YES;
				GCC_C_LANGUAGE_STANDARD = gnu11;
				GCC_DYNAMIC_NO_PIC = NO;
				GCC_NO_COMMON_BLOCKS = YES;
				GCC_OPTIMIZATION_LEVEL = 0;
				GCC_PREPROCESSOR_DEFINITIONS = (
					"DEBUG=1",
					"$(inherited)",
				);
				GCC_WARN_64_TO_32_BIT_CONVERSION = YES;
				GCC_WARN_ABOUT_RETURN_TYPE = YES_ERROR;
				GCC_WARN_UNDECLARED_SELECTOR = YES;
				GCC_WARN_UNINITIALIZED_AUTOS = YES_AGGRESSIVE;
				GCC_WARN_UNUSED_FUNCTION = YES;
				GCC_WARN_UNUSED_VARIABLE = YES;
				IPHONEOS_DEPLOYMENT_TARGET = 13.2;
				MTL_ENABLE_DEBUG_INFO = INCLUDE_SOURCE;
				MTL_FAST_MATH = YES;
				ONLY_ACTIVE_ARCH = YES;
				SDKROOT = iphoneos;
				SWIFT_ACTIVE_COMPILATION_CONDITIONS = DEBUG;
				SWIFT_OPTIMIZATION_LEVEL = "-Onone";
			};
			name = Debug;
		};
		B28D3249240560AA00423DAB /* Release */ = {
			isa = XCBuildConfiguration;
			buildSettings = {
				ALWAYS_SEARCH_USER_PATHS = NO;
				CLANG_ANALYZER_NONNULL = YES;
				CLANG_ANALYZER_NUMBER_OBJECT_CONVERSION = YES_AGGRESSIVE;
				CLANG_CXX_LANGUAGE_STANDARD = "gnu++14";
				CLANG_CXX_LIBRARY = "libc++";
				CLANG_ENABLE_MODULES = YES;
				CLANG_ENABLE_OBJC_ARC = YES;
				CLANG_ENABLE_OBJC_WEAK = YES;
				CLANG_WARN_BLOCK_CAPTURE_AUTORELEASING = YES;
				CLANG_WARN_BOOL_CONVERSION = YES;
				CLANG_WARN_COMMA = YES;
				CLANG_WARN_CONSTANT_CONVERSION = YES;
				CLANG_WARN_DEPRECATED_OBJC_IMPLEMENTATIONS = YES;
				CLANG_WARN_DIRECT_OBJC_ISA_USAGE = YES_ERROR;
				CLANG_WARN_DOCUMENTATION_COMMENTS = YES;
				CLANG_WARN_EMPTY_BODY = YES;
				CLANG_WARN_ENUM_CONVERSION = YES;
				CLANG_WARN_INFINITE_RECURSION = YES;
				CLANG_WARN_INT_CONVERSION = YES;
				CLANG_WARN_NON_LITERAL_NULL_CONVERSION = YES;
				CLANG_WARN_OBJC_IMPLICIT_RETAIN_SELF = YES;
				CLANG_WARN_OBJC_LITERAL_CONVERSION = YES;
				CLANG_WARN_OBJC_ROOT_CLASS = YES_ERROR;
				CLANG_WARN_RANGE_LOOP_ANALYSIS = YES;
				CLANG_WARN_STRICT_PROTOTYPES = YES;
				CLANG_WARN_SUSPICIOUS_MOVE = YES;
				CLANG_WARN_UNGUARDED_AVAILABILITY = YES_AGGRESSIVE;
				CLANG_WARN_UNREACHABLE_CODE = YES;
				CLANG_WARN__DUPLICATE_METHOD_MATCH = YES;
				COPY_PHASE_STRIP = NO;
				DEBUG_INFORMATION_FORMAT = "dwarf-with-dsym";
				ENABLE_NS_ASSERTIONS = NO;
				ENABLE_STRICT_OBJC_MSGSEND = YES;
				GCC_C_LANGUAGE_STANDARD = gnu11;
				GCC_NO_COMMON_BLOCKS = YES;
				GCC_WARN_64_TO_32_BIT_CONVERSION = YES;
				GCC_WARN_ABOUT_RETURN_TYPE = YES_ERROR;
				GCC_WARN_UNDECLARED_SELECTOR = YES;
				GCC_WARN_UNINITIALIZED_AUTOS = YES_AGGRESSIVE;
				GCC_WARN_UNUSED_FUNCTION = YES;
				GCC_WARN_UNUSED_VARIABLE = YES;
				IPHONEOS_DEPLOYMENT_TARGET = 13.2;
				MTL_ENABLE_DEBUG_INFO = NO;
				MTL_FAST_MATH = YES;
				SDKROOT = iphoneos;
				SWIFT_COMPILATION_MODE = wholemodule;
				SWIFT_OPTIMIZATION_LEVEL = "-O";
				VALIDATE_PRODUCT = YES;
			};
			name = Release;
		};
		B28D324B240560AA00423DAB /* Debug */ = {
			isa = XCBuildConfiguration;
			baseConfigurationReference = 0388C569EBB649E15B2E8040 /* Pods-TodayMood.debug.xcconfig */;
			buildSettings = {
				ASSETCATALOG_COMPILER_APPICON_NAME = AppIcon;
				CODE_SIGN_STYLE = Automatic;
				INFOPLIST_FILE = "TodayMood/Supporting Files/Info.plist";
				IPHONEOS_DEPLOYMENT_TARGET = 12.0;
				LD_RUNPATH_SEARCH_PATHS = (
					"$(inherited)",
					"@executable_path/Frameworks",
				);
				PRODUCT_BUNDLE_IDENTIFIER = com.5boon.TodayMood;
				PRODUCT_NAME = "$(TARGET_NAME)";
				SWIFT_VERSION = 5.0;
				TARGETED_DEVICE_FAMILY = "1,2";
			};
			name = Debug;
		};
		B28D324C240560AA00423DAB /* Release */ = {
			isa = XCBuildConfiguration;
			baseConfigurationReference = ABCFBBA2C5ED7F5D72865AEE /* Pods-TodayMood.release.xcconfig */;
			buildSettings = {
				ASSETCATALOG_COMPILER_APPICON_NAME = AppIcon;
				CODE_SIGN_STYLE = Automatic;
				INFOPLIST_FILE = "TodayMood/Supporting Files/Info.plist";
				IPHONEOS_DEPLOYMENT_TARGET = 12.0;
				LD_RUNPATH_SEARCH_PATHS = (
					"$(inherited)",
					"@executable_path/Frameworks",
				);
				PRODUCT_BUNDLE_IDENTIFIER = com.5boon.TodayMood;
				PRODUCT_NAME = "$(TARGET_NAME)";
				SWIFT_VERSION = 5.0;
				TARGETED_DEVICE_FAMILY = "1,2";
			};
			name = Release;
		};
/* End XCBuildConfiguration section */

/* Begin XCConfigurationList section */
		B28D3231240560A900423DAB /* Build configuration list for PBXProject "TodayMood" */ = {
			isa = XCConfigurationList;
			buildConfigurations = (
				B28D3248240560AA00423DAB /* Debug */,
				B28D3249240560AA00423DAB /* Release */,
			);
			defaultConfigurationIsVisible = 0;
			defaultConfigurationName = Release;
		};
		B28D324A240560AA00423DAB /* Build configuration list for PBXNativeTarget "TodayMood" */ = {
			isa = XCConfigurationList;
			buildConfigurations = (
				B28D324B240560AA00423DAB /* Debug */,
				B28D324C240560AA00423DAB /* Release */,
			);
			defaultConfigurationIsVisible = 0;
			defaultConfigurationName = Release;
		};
/* End XCConfigurationList section */
	};
	rootObject = B28D322E240560A900423DAB /* Project object */;
}
